
Microsoft Visual Studio Solution File, Format Version 12.00
# Visual Studio Version 17
VisualStudioVersion = 17.0.31903.59
MinimumVisualStudioVersion = 10.0.40219.1
Project("{2150E333-8FDC-42A3-9474-1A3956D46DE8}") = "src", "src", "{827E0CD3-B72D-47B6-A68D-7590B98EB39B}"
EndProject
Project("{2150E333-8FDC-42A3-9474-1A3956D46DE8}") = "BuildingBlocks", "BuildingBlocks", "{90298CBA-BD6F-3A0A-69D5-97CAD7B05E7E}"
EndProject
Project("{2150E333-8FDC-42A3-9474-1A3956D46DE8}") = "Contracts", "Contracts", "{6A36946C-4F06-BE70-24E6-0B0F125A7F9F}"
EndProject
Project("{FAE04EC0-301F-11D3-BF4B-00C04F79EFBC}") = "MicroShop.Contracts", "src\BuildingBlocks\Contracts\MicroShop.Contracts.csproj", "{534649E0-2803-40B2-AD75-872A69523795}"
EndProject
Project("{2150E333-8FDC-42A3-9474-1A3956D46DE8}") = "Messaging", "Messaging", "{822C9DB6-3D5F-1EA6-0D4B-B00980B50A9B}"
EndProject
Project("{FAE04EC0-301F-11D3-BF4B-00C04F79EFBC}") = "MicroShop.Messaging", "src\BuildingBlocks\Messaging\MicroShop.Messaging.csproj", "{CEF962FB-9845-4F5F-AD69-3A4C4C63F75C}"
EndProject
Project("{2150E333-8FDC-42A3-9474-1A3956D46DE8}") = "Observability", "Observability", "{408E099D-E5BE-D435-3378-22A4F9BFB988}"
EndProject
Project("{FAE04EC0-301F-11D3-BF4B-00C04F79EFBC}") = "MicroShop.Observability", "src\BuildingBlocks\Observability\MicroShop.Observability.csproj", "{7DFC8B74-54E5-4F0D-9A90-8A855D86D5E3}"
EndProject
Project("{2150E333-8FDC-42A3-9474-1A3956D46DE8}") = "Gateway", "Gateway", "{6306A8FB-679E-111F-6585-8F70E0EE6013}"
EndProject
Project("{FAE04EC0-301F-11D3-BF4B-00C04F79EFBC}") = "MicroShop.Gateway", "src\Gateway\MicroShop.Gateway\MicroShop.Gateway.csproj", "{C08B6194-FE51-4BDF-A8B5-74667BA66A8E}"
EndProject
Project("{2150E333-8FDC-42A3-9474-1A3956D46DE8}") = "Services", "Services", "{984BB9B3-3FA3-BE33-9484-CAC21695A33C}"
EndProject
Project("{2150E333-8FDC-42A3-9474-1A3956D46DE8}") = "Catalog", "Catalog", "{C91C1CF1-1625-0789-F869-53D87D6277BA}"
EndProject
Project("{FAE04EC0-301F-11D3-BF4B-00C04F79EFBC}") = "Catalog.Api", "src\Services\Catalog\Catalog.Api\Catalog.Api.csproj", "{CD9A0C20-8E05-413B-A362-A6FB9AF6ABDA}"
EndProject
Project("{FAE04EC0-301F-11D3-BF4B-00C04F79EFBC}") = "Catalog.Application", "src\Services\Catalog\Catalog.Application\Catalog.Application.csproj", "{D6520166-1102-41D4-9E5E-5D5F6BC19139}"
EndProject
Project("{FAE04EC0-301F-11D3-BF4B-00C04F79EFBC}") = "Catalog.Domain", "src\Services\Catalog\Catalog.Domain\Catalog.Domain.csproj", "{2DAB43AF-E6C6-4CA4-B97B-5F9906854520}"
EndProject
Project("{FAE04EC0-301F-11D3-BF4B-00C04F79EFBC}") = "Catalog.Infrastructure", "src\Services\Catalog\Catalog.Infrastructure\Catalog.Infrastructure.csproj", "{FB31A747-8851-459D-975D-C648C27CD5D1}"
EndProject
Project("{2150E333-8FDC-42A3-9474-1A3956D46DE8}") = "Identity", "Identity", "{1BFC9479-12BF-35C3-06B8-42D89D95092B}"
EndProject
Project("{FAE04EC0-301F-11D3-BF4B-00C04F79EFBC}") = "Identity.Api", "src\Services\Identity\Identity.Api\Identity.Api.csproj", "{644395D9-F2F3-42AB-9D5F-ED608FCC9180}"
EndProject
Project("{FAE04EC0-301F-11D3-BF4B-00C04F79EFBC}") = "Identity.Application", "src\Services\Identity\Identity.Application\Identity.Application.csproj", "{F99F057E-EF58-471F-A840-474241AC7B10}"
EndProject
Project("{FAE04EC0-301F-11D3-BF4B-00C04F79EFBC}") = "Identity.Domain", "src\Services\Identity\Identity.Domain\Identity.Domain.csproj", "{CC683F09-267D-41B2-B11E-F8019B726F5B}"
EndProject
Project("{FAE04EC0-301F-11D3-BF4B-00C04F79EFBC}") = "Identity.Infrastructure", "src\Services\Identity\Identity.Infrastructure\Identity.Infrastructure.csproj", "{C9B23B53-5AA1-449C-87AA-271B8380A75C}"
EndProject
Project("{2150E333-8FDC-42A3-9474-1A3956D46DE8}") = "Inventory", "Inventory", "{CA15E31E-CB60-F235-5CDF-2E527A86A72C}"
EndProject
Project("{FAE04EC0-301F-11D3-BF4B-00C04F79EFBC}") = "Inventory.Api", "src\Services\Inventory\Inventory.Api\Inventory.Api.csproj", "{C5BAF6E6-2D5A-4240-B5C1-0647288D29FA}"
EndProject
Project("{FAE04EC0-301F-11D3-BF4B-00C04F79EFBC}") = "Inventory.Application", "src\Services\Inventory\Inventory.Application\Inventory.Application.csproj", "{21EA98D7-C4D2-41E9-A636-DC6F5272F15F}"
EndProject
Project("{FAE04EC0-301F-11D3-BF4B-00C04F79EFBC}") = "Inventory.Domain", "src\Services\Inventory\Inventory.Domain\Inventory.Domain.csproj", "{F68F9DF4-495A-4C80-B01C-EB3F2BA974AA}"
EndProject
Project("{FAE04EC0-301F-11D3-BF4B-00C04F79EFBC}") = "Inventory.Infrastructure", "src\Services\Inventory\Inventory.Infrastructure\Inventory.Infrastructure.csproj", "{B517FA60-F340-4A6D-90EF-2C6B61241AA1}"
EndProject
Project("{2150E333-8FDC-42A3-9474-1A3956D46DE8}") = "Notification", "Notification", "{C5FBE174-8E0F-F5A3-B929-8BD0C55C0A32}"
EndProject
Project("{FAE04EC0-301F-11D3-BF4B-00C04F79EFBC}") = "Notification.Service", "src\Services\Notification\Notification.Service\Notification.Service.csproj", "{D462A3AF-EC64-4D5B-A85B-39800861FCE3}"
EndProject
Project("{2150E333-8FDC-42A3-9474-1A3956D46DE8}") = "Ordering", "Ordering", "{D3BAB01C-7F3F-8576-96BE-8BE70C9B9915}"
EndProject
Project("{FAE04EC0-301F-11D3-BF4B-00C04F79EFBC}") = "Ordering.Api", "src\Services\Ordering\Ordering.Api\Ordering.Api.csproj", "{140CF5BA-0051-49F3-8A07-469E97828D59}"
EndProject
Project("{FAE04EC0-301F-11D3-BF4B-00C04F79EFBC}") = "Ordering.Application", "src\Services\Ordering\Ordering.Application\Ordering.Application.csproj", "{F76874BD-BA48-4726-85EC-7DA25FBA8291}"
EndProject
Project("{FAE04EC0-301F-11D3-BF4B-00C04F79EFBC}") = "Ordering.Domain", "src\Services\Ordering\Ordering.Domain\Ordering.Domain.csproj", "{91173736-B192-4D23-88D6-A2926D03C559}"
EndProject
Project("{FAE04EC0-301F-11D3-BF4B-00C04F79EFBC}") = "Ordering.Infrastructure", "src\Services\Ordering\Ordering.Infrastructure\Ordering.Infrastructure.csproj", "{A85ECAF6-2889-418C-879F-3C90B68FDA57}"
EndProject
Project("{2150E333-8FDC-42A3-9474-1A3956D46DE8}") = "Web", "Web", "{03997797-E7F5-0643-168D-B8EA7178C2FE}"
EndProject
Project("{FAE04EC0-301F-11D3-BF4B-00C04F79EFBC}") = "MicroShop.Web", "src\Web\MicroShop.Web\MicroShop.Web.csproj", "{2370CCA4-7EB1-4986-A0FA-D926289E5728}"
EndProject
Project("{FAE04EC0-301F-11D3-BF4B-00C04F79EFBC}") = "MicroShop.Web.Client", "src\Web\MicroShop.Web.Client\MicroShop.Web.Client.csproj", "{29DBC39B-DB1E-4BE3-9455-7DA8FE4C9250}"
EndProject
Project("{2150E333-8FDC-42A3-9474-1A3956D46DE8}") = "tests", "tests", "{0AB3BF05-4346-4AA6-1389-037BE0695223}"
EndProject
Project("{FAE04EC0-301F-11D3-BF4B-00C04F79EFBC}") = "MicroShop.Architecture.Tests", "tests\MicroShop.Architecture.Tests\MicroShop.Architecture.Tests.csproj", "{22C117E9-B0F5-49FE-BD41-73723AE558C5}"
EndProject
Project("{FAE04EC0-301F-11D3-BF4B-00C04F79EFBC}") = "Catalog.Unit.Tests", "tests\Catalog.Unit.Tests\Catalog.Unit.Tests.csproj", "{FA904C9B-DA6F-4600-BBAA-C6F8E8549997}"
EndProject
Project("{FAE04EC0-301F-11D3-BF4B-00C04F79EFBC}") = "Catalog.Integration.Tests", "tests\Catalog.Integration.Tests\Catalog.Integration.Tests.csproj", "{4BB94FC2-4CD3-4077-9630-D06E463B79E4}"
EndProject
Project("{FAE04EC0-301F-11D3-BF4B-00C04F79EFBC}") = "Inventory.Unit.Tests", "tests\Inventory.Unit.Tests\Inventory.Unit.Tests.csproj", "{19FB9C95-E32D-4D4D-B327-9171A1253073}"
EndProject
Project("{FAE04EC0-301F-11D3-BF4B-00C04F79EFBC}") = "Inventory.Integration.Tests", "tests\Inventory.Integration.Tests\Inventory.Integration.Tests.csproj", "{BA27A6CC-0342-430B-B303-01A9DCA78F0C}"
EndProject
Global
	GlobalSection(SolutionConfigurationPlatforms) = preSolution
		Debug|Any CPU = Debug|Any CPU
		Debug|x64 = Debug|x64
		Debug|x86 = Debug|x86
		Release|Any CPU = Release|Any CPU
		Release|x64 = Release|x64
		Release|x86 = Release|x86
	EndGlobalSection
	GlobalSection(ProjectConfigurationPlatforms) = postSolution
		{534649E0-2803-40B2-AD75-872A69523795}.Debug|Any CPU.ActiveCfg = Debug|Any CPU
		{534649E0-2803-40B2-AD75-872A69523795}.Debug|Any CPU.Build.0 = Debug|Any CPU
		{534649E0-2803-40B2-AD75-872A69523795}.Debug|x64.ActiveCfg = Debug|Any CPU
		{534649E0-2803-40B2-AD75-872A69523795}.Debug|x64.Build.0 = Debug|Any CPU
		{534649E0-2803-40B2-AD75-872A69523795}.Debug|x86.ActiveCfg = Debug|Any CPU
		{534649E0-2803-40B2-AD75-872A69523795}.Debug|x86.Build.0 = Debug|Any CPU
		{534649E0-2803-40B2-AD75-872A69523795}.Release|Any CPU.ActiveCfg = Release|Any CPU
		{534649E0-2803-40B2-AD75-872A69523795}.Release|Any CPU.Build.0 = Release|Any CPU
		{534649E0-2803-40B2-AD75-872A69523795}.Release|x64.ActiveCfg = Release|Any CPU
		{534649E0-2803-40B2-AD75-872A69523795}.Release|x64.Build.0 = Release|Any CPU
		{534649E0-2803-40B2-AD75-872A69523795}.Release|x86.ActiveCfg = Release|Any CPU
		{534649E0-2803-40B2-AD75-872A69523795}.Release|x86.Build.0 = Release|Any CPU
		{CEF962FB-9845-4F5F-AD69-3A4C4C63F75C}.Debug|Any CPU.ActiveCfg = Debug|Any CPU
		{CEF962FB-9845-4F5F-AD69-3A4C4C63F75C}.Debug|Any CPU.Build.0 = Debug|Any CPU
		{CEF962FB-9845-4F5F-AD69-3A4C4C63F75C}.Debug|x64.ActiveCfg = Debug|Any CPU
		{CEF962FB-9845-4F5F-AD69-3A4C4C63F75C}.Debug|x64.Build.0 = Debug|Any CPU
		{CEF962FB-9845-4F5F-AD69-3A4C4C63F75C}.Debug|x86.ActiveCfg = Debug|Any CPU
		{CEF962FB-9845-4F5F-AD69-3A4C4C63F75C}.Debug|x86.Build.0 = Debug|Any CPU
		{CEF962FB-9845-4F5F-AD69-3A4C4C63F75C}.Release|Any CPU.ActiveCfg = Release|Any CPU
		{CEF962FB-9845-4F5F-AD69-3A4C4C63F75C}.Release|Any CPU.Build.0 = Release|Any CPU
		{CEF962FB-9845-4F5F-AD69-3A4C4C63F75C}.Release|x64.ActiveCfg = Release|Any CPU
		{CEF962FB-9845-4F5F-AD69-3A4C4C63F75C}.Release|x64.Build.0 = Release|Any CPU
		{CEF962FB-9845-4F5F-AD69-3A4C4C63F75C}.Release|x86.ActiveCfg = Release|Any CPU
		{CEF962FB-9845-4F5F-AD69-3A4C4C63F75C}.Release|x86.Build.0 = Release|Any CPU
		{7DFC8B74-54E5-4F0D-9A90-8A855D86D5E3}.Debug|Any CPU.ActiveCfg = Debug|Any CPU
		{7DFC8B74-54E5-4F0D-9A90-8A855D86D5E3}.Debug|Any CPU.Build.0 = Debug|Any CPU
		{7DFC8B74-54E5-4F0D-9A90-8A855D86D5E3}.Debug|x64.ActiveCfg = Debug|Any CPU
		{7DFC8B74-54E5-4F0D-9A90-8A855D86D5E3}.Debug|x64.Build.0 = Debug|Any CPU
		{7DFC8B74-54E5-4F0D-9A90-8A855D86D5E3}.Debug|x86.ActiveCfg = Debug|Any CPU
		{7DFC8B74-54E5-4F0D-9A90-8A855D86D5E3}.Debug|x86.Build.0 = Debug|Any CPU
		{7DFC8B74-54E5-4F0D-9A90-8A855D86D5E3}.Release|Any CPU.ActiveCfg = Release|Any CPU
		{7DFC8B74-54E5-4F0D-9A90-8A855D86D5E3}.Release|Any CPU.Build.0 = Release|Any CPU
		{7DFC8B74-54E5-4F0D-9A90-8A855D86D5E3}.Release|x64.ActiveCfg = Release|Any CPU
		{7DFC8B74-54E5-4F0D-9A90-8A855D86D5E3}.Release|x64.Build.0 = Release|Any CPU
		{7DFC8B74-54E5-4F0D-9A90-8A855D86D5E3}.Release|x86.ActiveCfg = Release|Any CPU
		{7DFC8B74-54E5-4F0D-9A90-8A855D86D5E3}.Release|x86.Build.0 = Release|Any CPU
		{C08B6194-FE51-4BDF-A8B5-74667BA66A8E}.Debug|Any CPU.ActiveCfg = Debug|Any CPU
		{C08B6194-FE51-4BDF-A8B5-74667BA66A8E}.Debug|Any CPU.Build.0 = Debug|Any CPU
		{C08B6194-FE51-4BDF-A8B5-74667BA66A8E}.Debug|x64.ActiveCfg = Debug|Any CPU
		{C08B6194-FE51-4BDF-A8B5-74667BA66A8E}.Debug|x64.Build.0 = Debug|Any CPU
		{C08B6194-FE51-4BDF-A8B5-74667BA66A8E}.Debug|x86.ActiveCfg = Debug|Any CPU
		{C08B6194-FE51-4BDF-A8B5-74667BA66A8E}.Debug|x86.Build.0 = Debug|Any CPU
		{C08B6194-FE51-4BDF-A8B5-74667BA66A8E}.Release|Any CPU.ActiveCfg = Release|Any CPU
		{C08B6194-FE51-4BDF-A8B5-74667BA66A8E}.Release|Any CPU.Build.0 = Release|Any CPU
		{C08B6194-FE51-4BDF-A8B5-74667BA66A8E}.Release|x64.ActiveCfg = Release|Any CPU
		{C08B6194-FE51-4BDF-A8B5-74667BA66A8E}.Release|x64.Build.0 = Release|Any CPU
		{C08B6194-FE51-4BDF-A8B5-74667BA66A8E}.Release|x86.ActiveCfg = Release|Any CPU
		{C08B6194-FE51-4BDF-A8B5-74667BA66A8E}.Release|x86.Build.0 = Release|Any CPU
		{CD9A0C20-8E05-413B-A362-A6FB9AF6ABDA}.Debug|Any CPU.ActiveCfg = Debug|Any CPU
		{CD9A0C20-8E05-413B-A362-A6FB9AF6ABDA}.Debug|Any CPU.Build.0 = Debug|Any CPU
		{CD9A0C20-8E05-413B-A362-A6FB9AF6ABDA}.Debug|x64.ActiveCfg = Debug|Any CPU
		{CD9A0C20-8E05-413B-A362-A6FB9AF6ABDA}.Debug|x64.Build.0 = Debug|Any CPU
		{CD9A0C20-8E05-413B-A362-A6FB9AF6ABDA}.Debug|x86.ActiveCfg = Debug|Any CPU
		{CD9A0C20-8E05-413B-A362-A6FB9AF6ABDA}.Debug|x86.Build.0 = Debug|Any CPU
		{CD9A0C20-8E05-413B-A362-A6FB9AF6ABDA}.Release|Any CPU.ActiveCfg = Release|Any CPU
		{CD9A0C20-8E05-413B-A362-A6FB9AF6ABDA}.Release|Any CPU.Build.0 = Release|Any CPU
		{CD9A0C20-8E05-413B-A362-A6FB9AF6ABDA}.Release|x64.ActiveCfg = Release|Any CPU
		{CD9A0C20-8E05-413B-A362-A6FB9AF6ABDA}.Release|x64.Build.0 = Release|Any CPU
		{CD9A0C20-8E05-413B-A362-A6FB9AF6ABDA}.Release|x86.ActiveCfg = Release|Any CPU
		{CD9A0C20-8E05-413B-A362-A6FB9AF6ABDA}.Release|x86.Build.0 = Release|Any CPU
		{D6520166-1102-41D4-9E5E-5D5F6BC19139}.Debug|Any CPU.ActiveCfg = Debug|Any CPU
		{D6520166-1102-41D4-9E5E-5D5F6BC19139}.Debug|Any CPU.Build.0 = Debug|Any CPU
		{D6520166-1102-41D4-9E5E-5D5F6BC19139}.Debug|x64.ActiveCfg = Debug|Any CPU
		{D6520166-1102-41D4-9E5E-5D5F6BC19139}.Debug|x64.Build.0 = Debug|Any CPU
		{D6520166-1102-41D4-9E5E-5D5F6BC19139}.Debug|x86.ActiveCfg = Debug|Any CPU
		{D6520166-1102-41D4-9E5E-5D5F6BC19139}.Debug|x86.Build.0 = Debug|Any CPU
		{D6520166-1102-41D4-9E5E-5D5F6BC19139}.Release|Any CPU.ActiveCfg = Release|Any CPU
		{D6520166-1102-41D4-9E5E-5D5F6BC19139}.Release|Any CPU.Build.0 = Release|Any CPU
		{D6520166-1102-41D4-9E5E-5D5F6BC19139}.Release|x64.ActiveCfg = Release|Any CPU
		{D6520166-1102-41D4-9E5E-5D5F6BC19139}.Release|x64.Build.0 = Release|Any CPU
		{D6520166-1102-41D4-9E5E-5D5F6BC19139}.Release|x86.ActiveCfg = Release|Any CPU
		{D6520166-1102-41D4-9E5E-5D5F6BC19139}.Release|x86.Build.0 = Release|Any CPU
		{2DAB43AF-E6C6-4CA4-B97B-5F9906854520}.Debug|Any CPU.ActiveCfg = Debug|Any CPU
		{2DAB43AF-E6C6-4CA4-B97B-5F9906854520}.Debug|Any CPU.Build.0 = Debug|Any CPU
		{2DAB43AF-E6C6-4CA4-B97B-5F9906854520}.Debug|x64.ActiveCfg = Debug|Any CPU
		{2DAB43AF-E6C6-4CA4-B97B-5F9906854520}.Debug|x64.Build.0 = Debug|Any CPU
		{2DAB43AF-E6C6-4CA4-B97B-5F9906854520}.Debug|x86.ActiveCfg = Debug|Any CPU
		{2DAB43AF-E6C6-4CA4-B97B-5F9906854520}.Debug|x86.Build.0 = Debug|Any CPU
		{2DAB43AF-E6C6-4CA4-B97B-5F9906854520}.Release|Any CPU.ActiveCfg = Release|Any CPU
		{2DAB43AF-E6C6-4CA4-B97B-5F9906854520}.Release|Any CPU.Build.0 = Release|Any CPU
		{2DAB43AF-E6C6-4CA4-B97B-5F9906854520}.Release|x64.ActiveCfg = Release|Any CPU
		{2DAB43AF-E6C6-4CA4-B97B-5F9906854520}.Release|x64.Build.0 = Release|Any CPU
		{2DAB43AF-E6C6-4CA4-B97B-5F9906854520}.Release|x86.ActiveCfg = Release|Any CPU
		{2DAB43AF-E6C6-4CA4-B97B-5F9906854520}.Release|x86.Build.0 = Release|Any CPU
		{FB31A747-8851-459D-975D-C648C27CD5D1}.Debug|Any CPU.ActiveCfg = Debug|Any CPU
		{FB31A747-8851-459D-975D-C648C27CD5D1}.Debug|Any CPU.Build.0 = Debug|Any CPU
		{FB31A747-8851-459D-975D-C648C27CD5D1}.Debug|x64.ActiveCfg = Debug|Any CPU
		{FB31A747-8851-459D-975D-C648C27CD5D1}.Debug|x64.Build.0 = Debug|Any CPU
		{FB31A747-8851-459D-975D-C648C27CD5D1}.Debug|x86.ActiveCfg = Debug|Any CPU
		{FB31A747-8851-459D-975D-C648C27CD5D1}.Debug|x86.Build.0 = Debug|Any CPU
		{FB31A747-8851-459D-975D-C648C27CD5D1}.Release|Any CPU.ActiveCfg = Release|Any CPU
		{FB31A747-8851-459D-975D-C648C27CD5D1}.Release|Any CPU.Build.0 = Release|Any CPU
		{FB31A747-8851-459D-975D-C648C27CD5D1}.Release|x64.ActiveCfg = Release|Any CPU
		{FB31A747-8851-459D-975D-C648C27CD5D1}.Release|x64.Build.0 = Release|Any CPU
		{FB31A747-8851-459D-975D-C648C27CD5D1}.Release|x86.ActiveCfg = Release|Any CPU
		{FB31A747-8851-459D-975D-C648C27CD5D1}.Release|x86.Build.0 = Release|Any CPU
		{644395D9-F2F3-42AB-9D5F-ED608FCC9180}.Debug|Any CPU.ActiveCfg = Debug|Any CPU
		{644395D9-F2F3-42AB-9D5F-ED608FCC9180}.Debug|Any CPU.Build.0 = Debug|Any CPU
		{644395D9-F2F3-42AB-9D5F-ED608FCC9180}.Debug|x64.ActiveCfg = Debug|Any CPU
		{644395D9-F2F3-42AB-9D5F-ED608FCC9180}.Debug|x64.Build.0 = Debug|Any CPU
		{644395D9-F2F3-42AB-9D5F-ED608FCC9180}.Debug|x86.ActiveCfg = Debug|Any CPU
		{644395D9-F2F3-42AB-9D5F-ED608FCC9180}.Debug|x86.Build.0 = Debug|Any CPU
		{644395D9-F2F3-42AB-9D5F-ED608FCC9180}.Release|Any CPU.ActiveCfg = Release|Any CPU
		{644395D9-F2F3-42AB-9D5F-ED608FCC9180}.Release|Any CPU.Build.0 = Release|Any CPU
		{644395D9-F2F3-42AB-9D5F-ED608FCC9180}.Release|x64.ActiveCfg = Release|Any CPU
		{644395D9-F2F3-42AB-9D5F-ED608FCC9180}.Release|x64.Build.0 = Release|Any CPU
		{644395D9-F2F3-42AB-9D5F-ED608FCC9180}.Release|x86.ActiveCfg = Release|Any CPU
		{644395D9-F2F3-42AB-9D5F-ED608FCC9180}.Release|x86.Build.0 = Release|Any CPU
		{F99F057E-EF58-471F-A840-474241AC7B10}.Debug|Any CPU.ActiveCfg = Debug|Any CPU
		{F99F057E-EF58-471F-A840-474241AC7B10}.Debug|Any CPU.Build.0 = Debug|Any CPU
		{F99F057E-EF58-471F-A840-474241AC7B10}.Debug|x64.ActiveCfg = Debug|Any CPU
		{F99F057E-EF58-471F-A840-474241AC7B10}.Debug|x64.Build.0 = Debug|Any CPU
		{F99F057E-EF58-471F-A840-474241AC7B10}.Debug|x86.ActiveCfg = Debug|Any CPU
		{F99F057E-EF58-471F-A840-474241AC7B10}.Debug|x86.Build.0 = Debug|Any CPU
		{F99F057E-EF58-471F-A840-474241AC7B10}.Release|Any CPU.ActiveCfg = Release|Any CPU
		{F99F057E-EF58-471F-A840-474241AC7B10}.Release|Any CPU.Build.0 = Release|Any CPU
		{F99F057E-EF58-471F-A840-474241AC7B10}.Release|x64.ActiveCfg = Release|Any CPU
		{F99F057E-EF58-471F-A840-474241AC7B10}.Release|x64.Build.0 = Release|Any CPU
		{F99F057E-EF58-471F-A840-474241AC7B10}.Release|x86.ActiveCfg = Release|Any CPU
		{F99F057E-EF58-471F-A840-474241AC7B10}.Release|x86.Build.0 = Release|Any CPU
		{CC683F09-267D-41B2-B11E-F8019B726F5B}.Debug|Any CPU.ActiveCfg = Debug|Any CPU
		{CC683F09-267D-41B2-B11E-F8019B726F5B}.Debug|Any CPU.Build.0 = Debug|Any CPU
		{CC683F09-267D-41B2-B11E-F8019B726F5B}.Debug|x64.ActiveCfg = Debug|Any CPU
		{CC683F09-267D-41B2-B11E-F8019B726F5B}.Debug|x64.Build.0 = Debug|Any CPU
		{CC683F09-267D-41B2-B11E-F8019B726F5B}.Debug|x86.ActiveCfg = Debug|Any CPU
		{CC683F09-267D-41B2-B11E-F8019B726F5B}.Debug|x86.Build.0 = Debug|Any CPU
		{CC683F09-267D-41B2-B11E-F8019B726F5B}.Release|Any CPU.ActiveCfg = Release|Any CPU
		{CC683F09-267D-41B2-B11E-F8019B726F5B}.Release|Any CPU.Build.0 = Release|Any CPU
		{CC683F09-267D-41B2-B11E-F8019B726F5B}.Release|x64.ActiveCfg = Release|Any CPU
		{CC683F09-267D-41B2-B11E-F8019B726F5B}.Release|x64.Build.0 = Release|Any CPU
		{CC683F09-267D-41B2-B11E-F8019B726F5B}.Release|x86.ActiveCfg = Release|Any CPU
		{CC683F09-267D-41B2-B11E-F8019B726F5B}.Release|x86.Build.0 = Release|Any CPU
		{C9B23B53-5AA1-449C-87AA-271B8380A75C}.Debug|Any CPU.ActiveCfg = Debug|Any CPU
		{C9B23B53-5AA1-449C-87AA-271B8380A75C}.Debug|Any CPU.Build.0 = Debug|Any CPU
		{C9B23B53-5AA1-449C-87AA-271B8380A75C}.Debug|x64.ActiveCfg = Debug|Any CPU
		{C9B23B53-5AA1-449C-87AA-271B8380A75C}.Debug|x64.Build.0 = Debug|Any CPU
		{C9B23B53-5AA1-449C-87AA-271B8380A75C}.Debug|x86.ActiveCfg = Debug|Any CPU
		{C9B23B53-5AA1-449C-87AA-271B8380A75C}.Debug|x86.Build.0 = Debug|Any CPU
		{C9B23B53-5AA1-449C-87AA-271B8380A75C}.Release|Any CPU.ActiveCfg = Release|Any CPU
		{C9B23B53-5AA1-449C-87AA-271B8380A75C}.Release|Any CPU.Build.0 = Release|Any CPU
		{C9B23B53-5AA1-449C-87AA-271B8380A75C}.Release|x64.ActiveCfg = Release|Any CPU
		{C9B23B53-5AA1-449C-87AA-271B8380A75C}.Release|x64.Build.0 = Release|Any CPU
		{C9B23B53-5AA1-449C-87AA-271B8380A75C}.Release|x86.ActiveCfg = Release|Any CPU
		{C9B23B53-5AA1-449C-87AA-271B8380A75C}.Release|x86.Build.0 = Release|Any CPU
		{C5BAF6E6-2D5A-4240-B5C1-0647288D29FA}.Debug|Any CPU.ActiveCfg = Debug|Any CPU
		{C5BAF6E6-2D5A-4240-B5C1-0647288D29FA}.Debug|Any CPU.Build.0 = Debug|Any CPU
		{C5BAF6E6-2D5A-4240-B5C1-0647288D29FA}.Debug|x64.ActiveCfg = Debug|Any CPU
		{C5BAF6E6-2D5A-4240-B5C1-0647288D29FA}.Debug|x64.Build.0 = Debug|Any CPU
		{C5BAF6E6-2D5A-4240-B5C1-0647288D29FA}.Debug|x86.ActiveCfg = Debug|Any CPU
		{C5BAF6E6-2D5A-4240-B5C1-0647288D29FA}.Debug|x86.Build.0 = Debug|Any CPU
		{C5BAF6E6-2D5A-4240-B5C1-0647288D29FA}.Release|Any CPU.ActiveCfg = Release|Any CPU
		{C5BAF6E6-2D5A-4240-B5C1-0647288D29FA}.Release|Any CPU.Build.0 = Release|Any CPU
		{C5BAF6E6-2D5A-4240-B5C1-0647288D29FA}.Release|x64.ActiveCfg = Release|Any CPU
		{C5BAF6E6-2D5A-4240-B5C1-0647288D29FA}.Release|x64.Build.0 = Release|Any CPU
		{C5BAF6E6-2D5A-4240-B5C1-0647288D29FA}.Release|x86.ActiveCfg = Release|Any CPU
		{C5BAF6E6-2D5A-4240-B5C1-0647288D29FA}.Release|x86.Build.0 = Release|Any CPU
		{21EA98D7-C4D2-41E9-A636-DC6F5272F15F}.Debug|Any CPU.ActiveCfg = Debug|Any CPU
		{21EA98D7-C4D2-41E9-A636-DC6F5272F15F}.Debug|Any CPU.Build.0 = Debug|Any CPU
		{21EA98D7-C4D2-41E9-A636-DC6F5272F15F}.Debug|x64.ActiveCfg = Debug|Any CPU
		{21EA98D7-C4D2-41E9-A636-DC6F5272F15F}.Debug|x64.Build.0 = Debug|Any CPU
		{21EA98D7-C4D2-41E9-A636-DC6F5272F15F}.Debug|x86.ActiveCfg = Debug|Any CPU
		{21EA98D7-C4D2-41E9-A636-DC6F5272F15F}.Debug|x86.Build.0 = Debug|Any CPU
		{21EA98D7-C4D2-41E9-A636-DC6F5272F15F}.Release|Any CPU.ActiveCfg = Release|Any CPU
		{21EA98D7-C4D2-41E9-A636-DC6F5272F15F}.Release|Any CPU.Build.0 = Release|Any CPU
		{21EA98D7-C4D2-41E9-A636-DC6F5272F15F}.Release|x64.ActiveCfg = Release|Any CPU
		{21EA98D7-C4D2-41E9-A636-DC6F5272F15F}.Release|x64.Build.0 = Release|Any CPU
		{21EA98D7-C4D2-41E9-A636-DC6F5272F15F}.Release|x86.ActiveCfg = Release|Any CPU
		{21EA98D7-C4D2-41E9-A636-DC6F5272F15F}.Release|x86.Build.0 = Release|Any CPU
		{F68F9DF4-495A-4C80-B01C-EB3F2BA974AA}.Debug|Any CPU.ActiveCfg = Debug|Any CPU
		{F68F9DF4-495A-4C80-B01C-EB3F2BA974AA}.Debug|Any CPU.Build.0 = Debug|Any CPU
		{F68F9DF4-495A-4C80-B01C-EB3F2BA974AA}.Debug|x64.ActiveCfg = Debug|Any CPU
		{F68F9DF4-495A-4C80-B01C-EB3F2BA974AA}.Debug|x64.Build.0 = Debug|Any CPU
		{F68F9DF4-495A-4C80-B01C-EB3F2BA974AA}.Debug|x86.ActiveCfg = Debug|Any CPU
		{F68F9DF4-495A-4C80-B01C-EB3F2BA974AA}.Debug|x86.Build.0 = Debug|Any CPU
		{F68F9DF4-495A-4C80-B01C-EB3F2BA974AA}.Release|Any CPU.ActiveCfg = Release|Any CPU
		{F68F9DF4-495A-4C80-B01C-EB3F2BA974AA}.Release|Any CPU.Build.0 = Release|Any CPU
		{F68F9DF4-495A-4C80-B01C-EB3F2BA974AA}.Release|x64.ActiveCfg = Release|Any CPU
		{F68F9DF4-495A-4C80-B01C-EB3F2BA974AA}.Release|x64.Build.0 = Release|Any CPU
		{F68F9DF4-495A-4C80-B01C-EB3F2BA974AA}.Release|x86.ActiveCfg = Release|Any CPU
		{F68F9DF4-495A-4C80-B01C-EB3F2BA974AA}.Release|x86.Build.0 = Release|Any CPU
		{B517FA60-F340-4A6D-90EF-2C6B61241AA1}.Debug|Any CPU.ActiveCfg = Debug|Any CPU
		{B517FA60-F340-4A6D-90EF-2C6B61241AA1}.Debug|Any CPU.Build.0 = Debug|Any CPU
		{B517FA60-F340-4A6D-90EF-2C6B61241AA1}.Debug|x64.ActiveCfg = Debug|Any CPU
		{B517FA60-F340-4A6D-90EF-2C6B61241AA1}.Debug|x64.Build.0 = Debug|Any CPU
		{B517FA60-F340-4A6D-90EF-2C6B61241AA1}.Debug|x86.ActiveCfg = Debug|Any CPU
		{B517FA60-F340-4A6D-90EF-2C6B61241AA1}.Debug|x86.Build.0 = Debug|Any CPU
		{B517FA60-F340-4A6D-90EF-2C6B61241AA1}.Release|Any CPU.ActiveCfg = Release|Any CPU
		{B517FA60-F340-4A6D-90EF-2C6B61241AA1}.Release|Any CPU.Build.0 = Release|Any CPU
		{B517FA60-F340-4A6D-90EF-2C6B61241AA1}.Release|x64.ActiveCfg = Release|Any CPU
		{B517FA60-F340-4A6D-90EF-2C6B61241AA1}.Release|x64.Build.0 = Release|Any CPU
		{B517FA60-F340-4A6D-90EF-2C6B61241AA1}.Release|x86.ActiveCfg = Release|Any CPU
		{B517FA60-F340-4A6D-90EF-2C6B61241AA1}.Release|x86.Build.0 = Release|Any CPU
		{D462A3AF-EC64-4D5B-A85B-39800861FCE3}.Debug|Any CPU.ActiveCfg = Debug|Any CPU
		{D462A3AF-EC64-4D5B-A85B-39800861FCE3}.Debug|Any CPU.Build.0 = Debug|Any CPU
		{D462A3AF-EC64-4D5B-A85B-39800861FCE3}.Debug|x64.ActiveCfg = Debug|Any CPU
		{D462A3AF-EC64-4D5B-A85B-39800861FCE3}.Debug|x64.Build.0 = Debug|Any CPU
		{D462A3AF-EC64-4D5B-A85B-39800861FCE3}.Debug|x86.ActiveCfg = Debug|Any CPU
		{D462A3AF-EC64-4D5B-A85B-39800861FCE3}.Debug|x86.Build.0 = Debug|Any CPU
		{D462A3AF-EC64-4D5B-A85B-39800861FCE3}.Release|Any CPU.ActiveCfg = Release|Any CPU
		{D462A3AF-EC64-4D5B-A85B-39800861FCE3}.Release|Any CPU.Build.0 = Release|Any CPU
		{D462A3AF-EC64-4D5B-A85B-39800861FCE3}.Release|x64.ActiveCfg = Release|Any CPU
		{D462A3AF-EC64-4D5B-A85B-39800861FCE3}.Release|x64.Build.0 = Release|Any CPU
		{D462A3AF-EC64-4D5B-A85B-39800861FCE3}.Release|x86.ActiveCfg = Release|Any CPU
		{D462A3AF-EC64-4D5B-A85B-39800861FCE3}.Release|x86.Build.0 = Release|Any CPU
		{140CF5BA-0051-49F3-8A07-469E97828D59}.Debug|Any CPU.ActiveCfg = Debug|Any CPU
		{140CF5BA-0051-49F3-8A07-469E97828D59}.Debug|Any CPU.Build.0 = Debug|Any CPU
		{140CF5BA-0051-49F3-8A07-469E97828D59}.Debug|x64.ActiveCfg = Debug|Any CPU
		{140CF5BA-0051-49F3-8A07-469E97828D59}.Debug|x64.Build.0 = Debug|Any CPU
		{140CF5BA-0051-49F3-8A07-469E97828D59}.Debug|x86.ActiveCfg = Debug|Any CPU
		{140CF5BA-0051-49F3-8A07-469E97828D59}.Debug|x86.Build.0 = Debug|Any CPU
		{140CF5BA-0051-49F3-8A07-469E97828D59}.Release|Any CPU.ActiveCfg = Release|Any CPU
		{140CF5BA-0051-49F3-8A07-469E97828D59}.Release|Any CPU.Build.0 = Release|Any CPU
		{140CF5BA-0051-49F3-8A07-469E97828D59}.Release|x64.ActiveCfg = Release|Any CPU
		{140CF5BA-0051-49F3-8A07-469E97828D59}.Release|x64.Build.0 = Release|Any CPU
		{140CF5BA-0051-49F3-8A07-469E97828D59}.Release|x86.ActiveCfg = Release|Any CPU
		{140CF5BA-0051-49F3-8A07-469E97828D59}.Release|x86.Build.0 = Release|Any CPU
		{F76874BD-BA48-4726-85EC-7DA25FBA8291}.Debug|Any CPU.ActiveCfg = Debug|Any CPU
		{F76874BD-BA48-4726-85EC-7DA25FBA8291}.Debug|Any CPU.Build.0 = Debug|Any CPU
		{F76874BD-BA48-4726-85EC-7DA25FBA8291}.Debug|x64.ActiveCfg = Debug|Any CPU
		{F76874BD-BA48-4726-85EC-7DA25FBA8291}.Debug|x64.Build.0 = Debug|Any CPU
		{F76874BD-BA48-4726-85EC-7DA25FBA8291}.Debug|x86.ActiveCfg = Debug|Any CPU
		{F76874BD-BA48-4726-85EC-7DA25FBA8291}.Debug|x86.Build.0 = Debug|Any CPU
		{F76874BD-BA48-4726-85EC-7DA25FBA8291}.Release|Any CPU.ActiveCfg = Release|Any CPU
		{F76874BD-BA48-4726-85EC-7DA25FBA8291}.Release|Any CPU.Build.0 = Release|Any CPU
		{F76874BD-BA48-4726-85EC-7DA25FBA8291}.Release|x64.ActiveCfg = Release|Any CPU
		{F76874BD-BA48-4726-85EC-7DA25FBA8291}.Release|x64.Build.0 = Release|Any CPU
		{F76874BD-BA48-4726-85EC-7DA25FBA8291}.Release|x86.ActiveCfg = Release|Any CPU
		{F76874BD-BA48-4726-85EC-7DA25FBA8291}.Release|x86.Build.0 = Release|Any CPU
		{91173736-B192-4D23-88D6-A2926D03C559}.Debug|Any CPU.ActiveCfg = Debug|Any CPU
		{91173736-B192-4D23-88D6-A2926D03C559}.Debug|Any CPU.Build.0 = Debug|Any CPU
		{91173736-B192-4D23-88D6-A2926D03C559}.Debug|x64.ActiveCfg = Debug|Any CPU
		{91173736-B192-4D23-88D6-A2926D03C559}.Debug|x64.Build.0 = Debug|Any CPU
		{91173736-B192-4D23-88D6-A2926D03C559}.Debug|x86.ActiveCfg = Debug|Any CPU
		{91173736-B192-4D23-88D6-A2926D03C559}.Debug|x86.Build.0 = Debug|Any CPU
		{91173736-B192-4D23-88D6-A2926D03C559}.Release|Any CPU.ActiveCfg = Release|Any CPU
		{91173736-B192-4D23-88D6-A2926D03C559}.Release|Any CPU.Build.0 = Release|Any CPU
		{91173736-B192-4D23-88D6-A2926D03C559}.Release|x64.ActiveCfg = Release|Any CPU
		{91173736-B192-4D23-88D6-A2926D03C559}.Release|x64.Build.0 = Release|Any CPU
		{91173736-B192-4D23-88D6-A2926D03C559}.Release|x86.ActiveCfg = Release|Any CPU
		{91173736-B192-4D23-88D6-A2926D03C559}.Release|x86.Build.0 = Release|Any CPU
		{A85ECAF6-2889-418C-879F-3C90B68FDA57}.Debug|Any CPU.ActiveCfg = Debug|Any CPU
		{A85ECAF6-2889-418C-879F-3C90B68FDA57}.Debug|Any CPU.Build.0 = Debug|Any CPU
		{A85ECAF6-2889-418C-879F-3C90B68FDA57}.Debug|x64.ActiveCfg = Debug|Any CPU
		{A85ECAF6-2889-418C-879F-3C90B68FDA57}.Debug|x64.Build.0 = Debug|Any CPU
		{A85ECAF6-2889-418C-879F-3C90B68FDA57}.Debug|x86.ActiveCfg = Debug|Any CPU
		{A85ECAF6-2889-418C-879F-3C90B68FDA57}.Debug|x86.Build.0 = Debug|Any CPU
		{A85ECAF6-2889-418C-879F-3C90B68FDA57}.Release|Any CPU.ActiveCfg = Release|Any CPU
		{A85ECAF6-2889-418C-879F-3C90B68FDA57}.Release|Any CPU.Build.0 = Release|Any CPU
		{A85ECAF6-2889-418C-879F-3C90B68FDA57}.Release|x64.ActiveCfg = Release|Any CPU
		{A85ECAF6-2889-418C-879F-3C90B68FDA57}.Release|x64.Build.0 = Release|Any CPU
		{A85ECAF6-2889-418C-879F-3C90B68FDA57}.Release|x86.ActiveCfg = Release|Any CPU
		{A85ECAF6-2889-418C-879F-3C90B68FDA57}.Release|x86.Build.0 = Release|Any CPU
		{2370CCA4-7EB1-4986-A0FA-D926289E5728}.Debug|Any CPU.ActiveCfg = Debug|Any CPU
		{2370CCA4-7EB1-4986-A0FA-D926289E5728}.Debug|Any CPU.Build.0 = Debug|Any CPU
		{2370CCA4-7EB1-4986-A0FA-D926289E5728}.Debug|x64.ActiveCfg = Debug|Any CPU
		{2370CCA4-7EB1-4986-A0FA-D926289E5728}.Debug|x64.Build.0 = Debug|Any CPU
		{2370CCA4-7EB1-4986-A0FA-D926289E5728}.Debug|x86.ActiveCfg = Debug|Any CPU
		{2370CCA4-7EB1-4986-A0FA-D926289E5728}.Debug|x86.Build.0 = Debug|Any CPU
		{2370CCA4-7EB1-4986-A0FA-D926289E5728}.Release|Any CPU.ActiveCfg = Release|Any CPU
		{2370CCA4-7EB1-4986-A0FA-D926289E5728}.Release|Any CPU.Build.0 = Release|Any CPU
		{2370CCA4-7EB1-4986-A0FA-D926289E5728}.Release|x64.ActiveCfg = Release|Any CPU
		{2370CCA4-7EB1-4986-A0FA-D926289E5728}.Release|x64.Build.0 = Release|Any CPU
		{2370CCA4-7EB1-4986-A0FA-D926289E5728}.Release|x86.ActiveCfg = Release|Any CPU
		{2370CCA4-7EB1-4986-A0FA-D926289E5728}.Release|x86.Build.0 = Release|Any CPU
		{29DBC39B-DB1E-4BE3-9455-7DA8FE4C9250}.Debug|Any CPU.ActiveCfg = Debug|Any CPU
		{29DBC39B-DB1E-4BE3-9455-7DA8FE4C9250}.Debug|Any CPU.Build.0 = Debug|Any CPU
		{29DBC39B-DB1E-4BE3-9455-7DA8FE4C9250}.Debug|x64.ActiveCfg = Debug|Any CPU
		{29DBC39B-DB1E-4BE3-9455-7DA8FE4C9250}.Debug|x64.Build.0 = Debug|Any CPU
		{29DBC39B-DB1E-4BE3-9455-7DA8FE4C9250}.Debug|x86.ActiveCfg = Debug|Any CPU
		{29DBC39B-DB1E-4BE3-9455-7DA8FE4C9250}.Debug|x86.Build.0 = Debug|Any CPU
		{29DBC39B-DB1E-4BE3-9455-7DA8FE4C9250}.Release|Any CPU.ActiveCfg = Release|Any CPU
		{29DBC39B-DB1E-4BE3-9455-7DA8FE4C9250}.Release|Any CPU.Build.0 = Release|Any CPU
		{29DBC39B-DB1E-4BE3-9455-7DA8FE4C9250}.Release|x64.ActiveCfg = Release|Any CPU
		{29DBC39B-DB1E-4BE3-9455-7DA8FE4C9250}.Release|x64.Build.0 = Release|Any CPU
		{29DBC39B-DB1E-4BE3-9455-7DA8FE4C9250}.Release|x86.ActiveCfg = Release|Any CPU
		{29DBC39B-DB1E-4BE3-9455-7DA8FE4C9250}.Release|x86.Build.0 = Release|Any CPU
		{22C117E9-B0F5-49FE-BD41-73723AE558C5}.Debug|Any CPU.ActiveCfg = Debug|Any CPU
		{22C117E9-B0F5-49FE-BD41-73723AE558C5}.Debug|Any CPU.Build.0 = Debug|Any CPU
		{22C117E9-B0F5-49FE-BD41-73723AE558C5}.Debug|x64.ActiveCfg = Debug|Any CPU
		{22C117E9-B0F5-49FE-BD41-73723AE558C5}.Debug|x64.Build.0 = Debug|Any CPU
		{22C117E9-B0F5-49FE-BD41-73723AE558C5}.Debug|x86.ActiveCfg = Debug|Any CPU
		{22C117E9-B0F5-49FE-BD41-73723AE558C5}.Debug|x86.Build.0 = Debug|Any CPU
		{22C117E9-B0F5-49FE-BD41-73723AE558C5}.Release|Any CPU.ActiveCfg = Release|Any CPU
		{22C117E9-B0F5-49FE-BD41-73723AE558C5}.Release|Any CPU.Build.0 = Release|Any CPU
		{22C117E9-B0F5-49FE-BD41-73723AE558C5}.Release|x64.ActiveCfg = Release|Any CPU
		{22C117E9-B0F5-49FE-BD41-73723AE558C5}.Release|x64.Build.0 = Release|Any CPU
		{22C117E9-B0F5-49FE-BD41-73723AE558C5}.Release|x86.ActiveCfg = Release|Any CPU
		{22C117E9-B0F5-49FE-BD41-73723AE558C5}.Release|x86.Build.0 = Release|Any CPU
		{FA904C9B-DA6F-4600-BBAA-C6F8E8549997}.Debug|Any CPU.ActiveCfg = Debug|Any CPU
		{FA904C9B-DA6F-4600-BBAA-C6F8E8549997}.Debug|Any CPU.Build.0 = Debug|Any CPU
		{FA904C9B-DA6F-4600-BBAA-C6F8E8549997}.Debug|x64.ActiveCfg = Debug|Any CPU
		{FA904C9B-DA6F-4600-BBAA-C6F8E8549997}.Debug|x64.Build.0 = Debug|Any CPU
		{FA904C9B-DA6F-4600-BBAA-C6F8E8549997}.Debug|x86.ActiveCfg = Debug|Any CPU
		{FA904C9B-DA6F-4600-BBAA-C6F8E8549997}.Debug|x86.Build.0 = Debug|Any CPU
		{FA904C9B-DA6F-4600-BBAA-C6F8E8549997}.Release|Any CPU.ActiveCfg = Release|Any CPU
		{FA904C9B-DA6F-4600-BBAA-C6F8E8549997}.Release|Any CPU.Build.0 = Release|Any CPU
		{FA904C9B-DA6F-4600-BBAA-C6F8E8549997}.Release|x64.ActiveCfg = Release|Any CPU
		{FA904C9B-DA6F-4600-BBAA-C6F8E8549997}.Release|x64.Build.0 = Release|Any CPU
		{FA904C9B-DA6F-4600-BBAA-C6F8E8549997}.Release|x86.ActiveCfg = Release|Any CPU
		{FA904C9B-DA6F-4600-BBAA-C6F8E8549997}.Release|x86.Build.0 = Release|Any CPU
		{4BB94FC2-4CD3-4077-9630-D06E463B79E4}.Debug|Any CPU.ActiveCfg = Debug|Any CPU
		{4BB94FC2-4CD3-4077-9630-D06E463B79E4}.Debug|Any CPU.Build.0 = Debug|Any CPU
		{4BB94FC2-4CD3-4077-9630-D06E463B79E4}.Debug|x64.ActiveCfg = Debug|Any CPU
		{4BB94FC2-4CD3-4077-9630-D06E463B79E4}.Debug|x64.Build.0 = Debug|Any CPU
		{4BB94FC2-4CD3-4077-9630-D06E463B79E4}.Debug|x86.ActiveCfg = Debug|Any CPU
		{4BB94FC2-4CD3-4077-9630-D06E463B79E4}.Debug|x86.Build.0 = Debug|Any CPU
		{4BB94FC2-4CD3-4077-9630-D06E463B79E4}.Release|Any CPU.ActiveCfg = Release|Any CPU
		{4BB94FC2-4CD3-4077-9630-D06E463B79E4}.Release|Any CPU.Build.0 = Release|Any CPU
		{4BB94FC2-4CD3-4077-9630-D06E463B79E4}.Release|x64.ActiveCfg = Release|Any CPU
		{4BB94FC2-4CD3-4077-9630-D06E463B79E4}.Release|x64.Build.0 = Release|Any CPU
		{4BB94FC2-4CD3-4077-9630-D06E463B79E4}.Release|x86.ActiveCfg = Release|Any CPU
		{4BB94FC2-4CD3-4077-9630-D06E463B79E4}.Release|x86.Build.0 = Release|Any CPU
		{19FB9C95-E32D-4D4D-B327-9171A1253073}.Debug|Any CPU.ActiveCfg = Debug|Any CPU
		{19FB9C95-E32D-4D4D-B327-9171A1253073}.Debug|Any CPU.Build.0 = Debug|Any CPU
		{19FB9C95-E32D-4D4D-B327-9171A1253073}.Debug|x64.ActiveCfg = Debug|Any CPU
		{19FB9C95-E32D-4D4D-B327-9171A1253073}.Debug|x64.Build.0 = Debug|Any CPU
		{19FB9C95-E32D-4D4D-B327-9171A1253073}.Debug|x86.ActiveCfg = Debug|Any CPU
		{19FB9C95-E32D-4D4D-B327-9171A1253073}.Debug|x86.Build.0 = Debug|Any CPU
		{19FB9C95-E32D-4D4D-B327-9171A1253073}.Release|Any CPU.ActiveCfg = Release|Any CPU
		{19FB9C95-E32D-4D4D-B327-9171A1253073}.Release|Any CPU.Build.0 = Release|Any CPU
		{19FB9C95-E32D-4D4D-B327-9171A1253073}.Release|x64.ActiveCfg = Release|Any CPU
		{19FB9C95-E32D-4D4D-B327-9171A1253073}.Release|x64.Build.0 = Release|Any CPU
		{19FB9C95-E32D-4D4D-B327-9171A1253073}.Release|x86.ActiveCfg = Release|Any CPU
		{19FB9C95-E32D-4D4D-B327-9171A1253073}.Release|x86.Build.0 = Release|Any CPU
		{BA27A6CC-0342-430B-B303-01A9DCA78F0C}.Debug|Any CPU.ActiveCfg = Debug|Any CPU
		{BA27A6CC-0342-430B-B303-01A9DCA78F0C}.Debug|Any CPU.Build.0 = Debug|Any CPU
		{BA27A6CC-0342-430B-B303-01A9DCA78F0C}.Debug|x64.ActiveCfg = Debug|Any CPU
		{BA27A6CC-0342-430B-B303-01A9DCA78F0C}.Debug|x64.Build.0 = Debug|Any CPU
		{BA27A6CC-0342-430B-B303-01A9DCA78F0C}.Debug|x86.ActiveCfg = Debug|Any CPU
		{BA27A6CC-0342-430B-B303-01A9DCA78F0C}.Debug|x86.Build.0 = Debug|Any CPU
		{BA27A6CC-0342-430B-B303-01A9DCA78F0C}.Release|Any CPU.ActiveCfg = Release|Any CPU
		{BA27A6CC-0342-430B-B303-01A9DCA78F0C}.Release|Any CPU.Build.0 = Release|Any CPU
		{BA27A6CC-0342-430B-B303-01A9DCA78F0C}.Release|x64.ActiveCfg = Release|Any CPU
		{BA27A6CC-0342-430B-B303-01A9DCA78F0C}.Release|x64.Build.0 = Release|Any CPU
		{BA27A6CC-0342-430B-B303-01A9DCA78F0C}.Release|x86.ActiveCfg = Release|Any CPU
		{BA27A6CC-0342-430B-B303-01A9DCA78F0C}.Release|x86.Build.0 = Release|Any CPU
	EndGlobalSection
	GlobalSection(SolutionProperties) = preSolution
		HideSolutionNode = FALSE
	EndGlobalSection
	GlobalSection(NestedProjects) = preSolution
		{90298CBA-BD6F-3A0A-69D5-97CAD7B05E7E} = {827E0CD3-B72D-47B6-A68D-7590B98EB39B}
		{6A36946C-4F06-BE70-24E6-0B0F125A7F9F} = {90298CBA-BD6F-3A0A-69D5-97CAD7B05E7E}
		{534649E0-2803-40B2-AD75-872A69523795} = {6A36946C-4F06-BE70-24E6-0B0F125A7F9F}
		{822C9DB6-3D5F-1EA6-0D4B-B00980B50A9B} = {90298CBA-BD6F-3A0A-69D5-97CAD7B05E7E}
		{CEF962FB-9845-4F5F-AD69-3A4C4C63F75C} = {822C9DB6-3D5F-1EA6-0D4B-B00980B50A9B}
		{408E099D-E5BE-D435-3378-22A4F9BFB988} = {90298CBA-BD6F-3A0A-69D5-97CAD7B05E7E}
		{7DFC8B74-54E5-4F0D-9A90-8A855D86D5E3} = {408E099D-E5BE-D435-3378-22A4F9BFB988}
		{6306A8FB-679E-111F-6585-8F70E0EE6013} = {827E0CD3-B72D-47B6-A68D-7590B98EB39B}
		{C08B6194-FE51-4BDF-A8B5-74667BA66A8E} = {6306A8FB-679E-111F-6585-8F70E0EE6013}
		{984BB9B3-3FA3-BE33-9484-CAC21695A33C} = {827E0CD3-B72D-47B6-A68D-7590B98EB39B}
		{C91C1CF1-1625-0789-F869-53D87D6277BA} = {984BB9B3-3FA3-BE33-9484-CAC21695A33C}
		{CD9A0C20-8E05-413B-A362-A6FB9AF6ABDA} = {C91C1CF1-1625-0789-F869-53D87D6277BA}
		{D6520166-1102-41D4-9E5E-5D5F6BC19139} = {C91C1CF1-1625-0789-F869-53D87D6277BA}
		{2DAB43AF-E6C6-4CA4-B97B-5F9906854520} = {C91C1CF1-1625-0789-F869-53D87D6277BA}
		{FB31A747-8851-459D-975D-C648C27CD5D1} = {C91C1CF1-1625-0789-F869-53D87D6277BA}
		{1BFC9479-12BF-35C3-06B8-42D89D95092B} = {984BB9B3-3FA3-BE33-9484-CAC21695A33C}
		{644395D9-F2F3-42AB-9D5F-ED608FCC9180} = {1BFC9479-12BF-35C3-06B8-42D89D95092B}
		{F99F057E-EF58-471F-A840-474241AC7B10} = {1BFC9479-12BF-35C3-06B8-42D89D95092B}
		{CC683F09-267D-41B2-B11E-F8019B726F5B} = {1BFC9479-12BF-35C3-06B8-42D89D95092B}
		{C9B23B53-5AA1-449C-87AA-271B8380A75C} = {1BFC9479-12BF-35C3-06B8-42D89D95092B}
		{CA15E31E-CB60-F235-5CDF-2E527A86A72C} = {984BB9B3-3FA3-BE33-9484-CAC21695A33C}
		{C5BAF6E6-2D5A-4240-B5C1-0647288D29FA} = {CA15E31E-CB60-F235-5CDF-2E527A86A72C}
		{21EA98D7-C4D2-41E9-A636-DC6F5272F15F} = {CA15E31E-CB60-F235-5CDF-2E527A86A72C}
		{F68F9DF4-495A-4C80-B01C-EB3F2BA974AA} = {CA15E31E-CB60-F235-5CDF-2E527A86A72C}
		{B517FA60-F340-4A6D-90EF-2C6B61241AA1} = {CA15E31E-CB60-F235-5CDF-2E527A86A72C}
		{C5FBE174-8E0F-F5A3-B929-8BD0C55C0A32} = {984BB9B3-3FA3-BE33-9484-CAC21695A33C}
		{D462A3AF-EC64-4D5B-A85B-39800861FCE3} = {C5FBE174-8E0F-F5A3-B929-8BD0C55C0A32}
		{D3BAB01C-7F3F-8576-96BE-8BE70C9B9915} = {984BB9B3-3FA3-BE33-9484-CAC21695A33C}
		{140CF5BA-0051-49F3-8A07-469E97828D59} = {D3BAB01C-7F3F-8576-96BE-8BE70C9B9915}
		{F76874BD-BA48-4726-85EC-7DA25FBA8291} = {D3BAB01C-7F3F-8576-96BE-8BE70C9B9915}
		{91173736-B192-4D23-88D6-A2926D03C559} = {D3BAB01C-7F3F-8576-96BE-8BE70C9B9915}
		{A85ECAF6-2889-418C-879F-3C90B68FDA57} = {D3BAB01C-7F3F-8576-96BE-8BE70C9B9915}
		{03997797-E7F5-0643-168D-B8EA7178C2FE} = {827E0CD3-B72D-47B6-A68D-7590B98EB39B}
		{2370CCA4-7EB1-4986-A0FA-D926289E5728} = {03997797-E7F5-0643-168D-B8EA7178C2FE}
		{29DBC39B-DB1E-4BE3-9455-7DA8FE4C9250} = {03997797-E7F5-0643-168D-B8EA7178C2FE}
		{22C117E9-B0F5-49FE-BD41-73723AE558C5} = {0AB3BF05-4346-4AA6-1389-037BE0695223}
		{FA904C9B-DA6F-4600-BBAA-C6F8E8549997} = {0AB3BF05-4346-4AA6-1389-037BE0695223}
		{4BB94FC2-4CD3-4077-9630-D06E463B79E4} = {0AB3BF05-4346-4AA6-1389-037BE0695223}
		{19FB9C95-E32D-4D4D-B327-9171A1253073} = {0AB3BF05-4346-4AA6-1389-037BE0695223}
		{BA27A6CC-0342-430B-B303-01A9DCA78F0C} = {0AB3BF05-4346-4AA6-1389-037BE0695223}
	EndGlobalSection
EndGlobal
